github.com/davecgh/go-spew v1.1.0 h1:ZDRjVQ15GmhC3fiQ8ni8+OwkZQO4DARzQgrnXU1Liz8=
github.com/davecgh/go-spew v1.1.0/go.mod h1:J7Y8YcW2NihsgmVo/mv3lAwl/skON4iLHjSsI+c5H38=
github.com/dghubble/oauth1 v0.5.0 h1:uJqX7Rzr3QRmp2slUWqI9Sm8NoP65AMiyXiijOWWLvQ=
github.com/dghubble/oauth1 v0.5.0/go.mod h1:8V8BMV9DJRREZx/lUaHtrs7GUMXpzbMqJxINCasxYug=
github.com/go-chi/chi v4.0.2+incompatible h1:maB6vn6FqCxrpz4FqWdh4+lwpyZIQS7YEAUcHlgXVRs=
github.com/go-chi/chi v4.0.2+incompatible/go.mod h1:eB3wogJHnLi3x/kFX2A+IbTBlXxmMeXJVKy9tTv1XzQ=
github.com/pmezard/go-difflib v1.0.0 h1:4DBwDE0NGyQoBHbLQYPwSUPoCMWR5BEzIk/f1lZbAQM=
github.com/pmezard/go-difflib v1.0.0/go.mod h1:iKH77koFhYxTK1pcRnkKkqfTogsbg7gZNVY4sRDYZ/4=
github.com/shurcooL/httpfs v0.0.0-20181222201310-74dc9339e414/go.mod h1:ZY1cvUeJuFPAdZ/B6v7RHavJWZn2YPVFQ1OSXhCGOkg=
github.com/shurcooL/httpfs v0.0.0-20190527155220-6a4d4a70508b h1:4kg1wyftSKxLtnPAvcRWakIPpokB9w780/KwrNLnfPA=
github.com/shurcooL/httpfs v0.0.0-20190527155220-6a4d4a70508b/go.mod h1:ZY1cvUeJuFPAdZ/B6v7RHavJWZn2YPVFQ1OSXhCGOkg=
github.com/shurcooL/vfsgen v0.0.0-20181202132449-6a9ea43bcacd h1:ug7PpSOB5RBPK1Kg6qskGBoP3Vnj/aNYFTznWvlkGo0=
github.com/shurcooL/vfsgen v0.0.0-20181202132449-6a9ea43bcacd/go.mod h1:TrYk7fJVaAttu97ZZKrO9UbRa8izdowaMIZcxYMbVaw=
github.com/stretchr/objx v0.1.0/go.mod h1:HFkY916IF+rwdDfMAkV7OtwuqBVzrE8GR6GFx+wExME=
github.com/stretchr/testify v1.3.0 h1:TivCn/peBQ7UY8ooIcPgZFpTNSz0Q2U6UrFlUfqbe0Q=
github.com/stretchr/testify v1.3.0/go.mod h1:M5WIy9Dh21IEIfnGCwXGc5bZfKNJtfHm1UVUgZn+9EI=
github.com/tmthrgd/gziphandler v0.0.0-20190303121617-ae837a951453 h1:A7mbNu1QStv15i15NTVAIvcW9BeCjGjEbBGp88eeRwQ=
github.com/tmthrgd/gziphandler v0.0.0-20190303121617-ae837a951453/go.mod h1:Eaxip7qwz21YwJBuTby3jRNfqsmXseMMPQQqlku1jrk=
github.com/tmthrgd/httphandlers v0.0.0-20190601024710-973f5c703913 h1:r8471qbmobWVd/KnRQRZeRrMQIwB1tZrKx54C4iykpM=
github.com/tmthrgd/httphandlers v0.0.0-20190601024710-973f5c703913/go.mod h1:fnGG3Jv4sBkm8SXM1PBa6Jt38ro3R0BldglA+NpE8UM=
github.com/tmthrgd/httputils v0.0.0-20190303111359-ec3de85dbccd h1:mP4Vop1OAMLUhEwK+7qpN0J16nfxpM9yVV7jnWvVPQs=
github.com/tmthrgd/httputils v0.0.0-20190303111359-ec3de85dbccd/go.mod h1:8/hVmIZ6TizbEnBWYbs6KT+SazQ4St36+7yVBjxvk0I=
github.com/tumblr/tumblr.go v1.0.0 h1:QGCByhaLNXAMFq5Rjq0tVZ3Oe3wlbuUkprOOI8mtYjU=
github.com/tumblr/tumblr.go v1.0.0/go.mod h1:huMTrAf1GFQP1K/xC72b8H6AaQCFwIjc7yB+AJ2CucY=
github.com/tumblr/tumblrclient.go v1.0.0 h1:hK8N2wgYTGmL2rEoFqLQ56b7B8ke3M7FAZWATc5nr40=
github.com/tumblr/tumblrclient.go v1.0.0/go.mod h1:xwY/qidXhkjJyPNE95q2EpblpajD+Lfsn1EQFCiQexM=
go.tmthrgd.dev/refresh v0.0.0-20190610060410-93459bf29519 h1:LbMNHQSxZWfOT3sQ9Xeb2OS0JnxVhj6Aa9z3A7RoQPQ=
go.tmthrgd.dev/refresh v0.0.0-20190610060410-93459bf29519/go.mod h1:d7HH9s9B2rvBXu5lHO0Oq/6aj47ZvOK655SF/74FAJk=
go.tmthrgd.dev/vfshash v0.0.0-20190531093011-cc3700bd94ce h1:X8fLx8Fuzl8r7CUL9fjCjRHPZ65JTqRzCA87Crk6nS8=
go.tmthrgd.dev/vfshash v0.0.0-20190531093011-cc3700bd94ce/go.mod h1:ZhrJ9ef/OeHMnHlhCUfM6Bpp7MFFnk6+eNVNaRZrhAs=
golang.org/x/crypto v0.0.0-20190308221718-c2843e01d9a2/go.mod h1:djNgcEr1/C05ACkg1iLfiJU5Ep61QUkGW8qpdssI0+w=
golang.org/x/net v0.0.0-20190311183353-d8887717615a h1:oWX7TPOiFAMXLq8o0ikBYfCJVlRHBcsciT5bXOrH628=
golang.org/x/net v0.0.0-20190311183353-d8887717615a/go.mod h1:t9HGtf8HONx5eT2rtn7q6eTqICYqUVnKs3thJo3Qplg=
golang.org/x/sync v0.0.0-20190423024810-112230192c58 h1:8gQV6CLnAEikrhgkHFbMAEhagSSnXWGV915qUMm9mrU=
golang.org/x/sync v0.0.0-20190423024810-112230192c58/go.mod h1:RxMgew5VJxzue5/jJTE5uejpjVlOe/izrB70Jof72aM=
golang.org/x/sys v0.0.0-20190215142949-d0b11bdaac8a/go.mod h1:STP8DvDyc/dI5b8T5hshtkjS+E42TnysNCUPdjciGhY=
golang.org/x/text v0.3.0 h1:g61tztE5qeGQ89tm6NTjjM9VPIm088od1l6aSorWRWg=
golang.org/x/text v0.3.0/go.mod h1:NqM8EUOU14njkJ3fqMW+pc6Ldnwhi/IjpwHt7yyuwOQ=
golang.org/x/tools v0.0.0-20190509153222-73554e0f7805 h1:1ufBXAsTpUhSmmPXEEs5PrGQSfnBhsjAd2SmVhp9xrY=
golang.org/x/tools v0.0.0-20190509153222-73554e0f7805/go.mod h1:RgjU9mgBXZiqYHBnxXauZ1Gv1EHHAz9KjViQ78xBX0Q=
